<?xml version="1.0" encoding="utf-8"?>
<Project ToolsVersion="4.0" xmlns="http://schemas.microsoft.com/developer/msbuild/2003">
  <ItemGroup>
    <Filter Include="リソース ファイル">
      <UniqueIdentifier>{67DA6AB6-F800-4c08-8B7A-83BB121AAD01}</UniqueIdentifier>
      <Extensions>rc;ico;cur;bmp;dlg;rc2;rct;bin;rgs;gif;jpg;jpeg;jpe;resx;tiff;tif;png;wav;mfcribbon-ms</Extensions>
    </Filter>
    <Filter Include="src">
      <UniqueIdentifier>{4FC737F1-C7A5-4376-A066-2A32D752A2FF}</UniqueIdentifier>
      <Extensions>cpp;c;cc;cxx;c++;cppm;ixx;def;odl;idl;hpj;bat;asm;asmx</Extensions>
    </Filter>
    <Filter Include="include">
      <UniqueIdentifier>{93995380-89BD-4b04-88EB-625FBE52EBFB}</UniqueIdentifier>
      <Extensions>h;hh;hpp;hxx;h++;hm;inl;inc;ipp;xsd</Extensions>
    </Filter>
    <Filter Include="shaders">
      <UniqueIdentifier>{f69d0473-4c9f-4ed0-ac38-c5851573a8ef}</UniqueIdentifier>
    </Filter>
  </ItemGroup>
  <ItemGroup>
    <ClCompile Include="src\main.cpp">
      <Filter>src</Filter>
    </ClCompile>
    <ClCompile Include="src\sample_application.cpp">
      <Filter>src</Filter>
    </ClCompile>
    <ClCompile Include="src\sample_render_pass.cpp">
      <Filter>src</Filter>
    </ClCompile>
  </ItemGroup>
  <ItemGroup>
    <ClInclude Include="src\sample_application.h">
      <Filter>src</Filter>
    </ClInclude>
    <ClInclude Include="src\sample_render_pass.h">
      <Filter>include</Filter>
    </ClInclude>
  </ItemGroup>
  <ItemGroup>
    <None Include="packages.config" />
    <None Include="shaders\cbuffer.hlsli">
      <Filter>shaders</Filter>
    </None>
    <None Include="shaders\fullscreen.vv.hlsl">
      <Filter>shaders</Filter>
    </None>
    <None Include="shaders\lighting.c.hlsl">
      <Filter>shaders</Filter>
    </None>
    <None Include="shaders\mesh.p.hlsl">
      <Filter>shaders</Filter>
    </None>
    <None Include="shaders\mesh.vv.hlsl">
      <Filter>shaders</Filter>
    </None>
    <None Include="shaders\tonemap.p.hlsl">
      <Filter>shaders</Filter>
    </None>
    <None Include="shaders\depth_ao.c.hlsl" />
  </ItemGroup>
</Project>